github.com/davecgh/go-spew v1.1.0 h1:ZDRjVQ15GmhC3fiQ8ni8+OwkZQO4DARzQgrnXU1Liz8=
github.com/davecgh/go-spew v1.1.0/go.mod h1:J7Y8YcW2NihsgmVo/mv3lAwl/skON4iLHjSsI+c5H38=
github.com/lestrrat-go/jspointer v0.0.0-20181205001929-82fadba7561c h1:pGh5EFIfczeDHwgMHgfwjhZzL+8/E3uZF6T7vER/W8c=
github.com/lestrrat-go/jspointer v0.0.0-20181205001929-82fadba7561c/go.mod h1:xw2Gm4Mg+ST9s8fHR1VkUIyOJMJnSloRZlPQB+wyVpY=
github.com/lestrrat-go/jsref v0.0.0-20181205001954-1b590508f37d h1:1eeFdKL5ySmmYevvKv7iECIc4dTATeKTtBqP4/nXxDk=
github.com/lestrrat-go/jsref v0.0.0-20181205001954-1b590508f37d/go.mod h1:h+r25adx46+IvUSt/rTTvXNnCDnu3lRTkMPPR/GdCwk=
github.com/lestrrat-go/jsschema v0.0.0-20181205002244-5c81c58ffcc3 h1:TSKrrGm89gmmVlrG34ZzCIOMNVk5kkSV1P88Dt38DiE=
github.com/lestrrat-go/jsschema v0.0.0-20181205002244-5c81c58ffcc3/go.mod h1:SVfIykmWQyFuRToBTKQ8AcveWeOunS2phYxA8hJ/6Gg=
github.com/lestrrat-go/jsval v0.0.0-20181205002323-20277e9befc0 h1:w4rIjeCV/gQpxtn3i1voyF6Hd7v1mRGIB63F7RZOk1U=
github.com/lestrrat-go/jsval v0.0.0-20181205002323-20277e9befc0/go.mod h1:hazjwMAn+trtmUnjvhIzSIZ0YS+2egAMonQMjDhcC2s=
github.com/lestrrat-go/pdebug v0.0.0-20180220043849-39f9a71bcabe h1:S7XSBlgc/eI2v47LkPPVa+infH3FuTS4tPJbqCtJovo=
github.com/lestrrat-go/pdebug v0.0.0-20180220043849-39f9a71bcabe/go.mod h1:zvUY6gZZVL2nu7NM+/3b51Z/hxyFZCZxV0hvfZ3NJlg=
github.com/lestrrat-go/structinfo v0.0.0-20190212233437-acd51874663b h1:YUFRoeHK/mvRjBR0bBRDC7ZGygYchoQ8j1xMENlObro=
github.com/lestrrat-go/structinfo v0.0.0-20190212233437-acd51874663b/go.mod h1:s2U6PowV3/Jobkx/S9d0XiPwOzs6niW3DIouw+7nZC8=
github.com/pkg/errors v0.8.1 h1:iURUrRGxPUNPdy5/HRSm+Yj6okJ6UtLINN0Q9M4+h3I=
github.com/pkg/errors v0.8.1/go.mod h1:bwawxfHBFNV+L2hUp1rHADufV3IMtnDRdf1r5NINEl0=
github.com/pmezard/go-difflib v1.0.0 h1:4DBwDE0NGyQoBHbLQYPwSUPoCMWR5BEzIk/f1lZbAQM=
github.com/pmezard/go-difflib v1.0.0/go.mod h1:iKH77koFhYxTK1pcRnkKkqfTogsbg7gZNVY4sRDYZ/4=
github.com/stretchr/objx v0.1.0/go.mod h1:HFkY916IF+rwdDfMAkV7OtwuqBVzrE8GR6GFx+wExME=
github.com/stretchr/testify v1.3.0 h1:TivCn/peBQ7UY8ooIcPgZFpTNSz0Q2U6UrFlUfqbe0Q=
github.com/stretchr/testify v1.3.0/go.mod h1:M5WIy9Dh21IEIfnGCwXGc5bZfKNJtfHm1UVUgZn+9EI=
